
Microsoft Visual Studio Solution File, Format Version 12.00
# Visual Studio 15
VisualStudioVersion = 15.0.27428.2015
MinimumVisualStudioVersion = 10.0.40219.1
Project("{8BC9CEB8-8B4A-11D0-8D11-00A0C91BC942}") = "fluids", "fluids\fluids.vcxproj", "{1A9E3DD4-EECA-4670-9A24-AA00263E7E27}"
EndProject
Global
	GlobalSection(SolutionConfigurationPlatforms) = preSolution
		Debug|x64 = Debug|x64
		Release|x64 = Release|x64
	EndGlobalSection
	GlobalSection(ProjectConfigurationPlatforms) = postSolution
		{1A9E3DD4-EECA-4670-9A24-AA00263E7E27}.Debug|x64.ActiveCfg = Debug|x64
		{1A9E3DD4-EECA-4670-9A24-AA00263E7E27}.Debug|x64.Build.0 = Debug|x64
		{1A9E3DD4-EECA-4670-9A24-AA00263E7E27}.Release|x64.ActiveCfg = Release|x64
		{1A9E3DD4-EECA-4670-9A24-AA00263E7E27}.Release|x64.Build.0 = Release|x64
	EndGlobalSection
	GlobalSection(SolutionProperties) = preSolution
		HideSolutionNode = FALSE
	EndGlobalSection
	GlobalSection(ExtensibilityGlobals) = postSolution
		SolutionGuid = {35653481-37D1-41B3-BA2F-B8216EFB2BEF}
	EndGlobalSection
EndGlobal
